
Microsoft Visual Studio Solution File, Format Version 12.00
# Visual Studio Version 16
VisualStudioVersion = 16.0.31025.194
MinimumVisualStudioVersion = 10.0.40219.1
Project("{FAE04EC0-301F-11D3-BF4B-00C04F79EFBC}") = "Ejercicio03.Android", "Ejercicio03\Ejercicio03.Android\Ejercicio03.Android.csproj", "{5E3C0E97-77C4-4F79-804E-89B8FB6B3E3B}"
EndProject
Project("{FAE04EC0-301F-11D3-BF4B-00C04F79EFBC}") = "Ejercicio03.iOS", "Ejercicio03\Ejercicio03.iOS\Ejercicio03.iOS.csproj", "{723BF445-B56D-48A0-B72F-22164556AF40}"
EndProject
Project("{FAE04EC0-301F-11D3-BF4B-00C04F79EFBC}") = "Ejercicio03", "Ejercicio03\Ejercicio03\Ejercicio03.csproj", "{AFD95E45-584C-409D-A9AC-49D22B6F5202}"
EndProject
Global
	GlobalSection(SolutionConfigurationPlatforms) = preSolution
		Debug|Any CPU = Debug|Any CPU
		Debug|iPhone = Debug|iPhone
		Debug|iPhoneSimulator = Debug|iPhoneSimulator
		Release|Any CPU = Release|Any CPU
		Release|iPhone = Release|iPhone
		Release|iPhoneSimulator = Release|iPhoneSimulator
	EndGlobalSection
	GlobalSection(ProjectConfigurationPlatforms) = postSolution
		{5E3C0E97-77C4-4F79-804E-89B8FB6B3E3B}.Debug|Any CPU.ActiveCfg = Debug|Any CPU
		{5E3C0E97-77C4-4F79-804E-89B8FB6B3E3B}.Debug|Any CPU.Build.0 = Debug|Any CPU
		{5E3C0E97-77C4-4F79-804E-89B8FB6B3E3B}.Debug|Any CPU.Deploy.0 = Debug|Any CPU
		{5E3C0E97-77C4-4F79-804E-89B8FB6B3E3B}.Debug|iPhone.ActiveCfg = Debug|Any CPU
		{5E3C0E97-77C4-4F79-804E-89B8FB6B3E3B}.Debug|iPhone.Build.0 = Debug|Any CPU
		{5E3C0E97-77C4-4F79-804E-89B8FB6B3E3B}.Debug|iPhone.Deploy.0 = Debug|Any CPU
		{5E3C0E97-77C4-4F79-804E-89B8FB6B3E3B}.Debug|iPhoneSimulator.ActiveCfg = Debug|Any CPU
		{5E3C0E97-77C4-4F79-804E-89B8FB6B3E3B}.Debug|iPhoneSimulator.Build.0 = Debug|Any CPU
		{5E3C0E97-77C4-4F79-804E-89B8FB6B3E3B}.Debug|iPhoneSimulator.Deploy.0 = Debug|Any CPU
		{5E3C0E97-77C4-4F79-804E-89B8FB6B3E3B}.Release|Any CPU.ActiveCfg = Release|Any CPU
		{5E3C0E97-77C4-4F79-804E-89B8FB6B3E3B}.Release|Any CPU.Build.0 = Release|Any CPU
		{5E3C0E97-77C4-4F79-804E-89B8FB6B3E3B}.Release|Any CPU.Deploy.0 = Release|Any CPU
		{5E3C0E97-77C4-4F79-804E-89B8FB6B3E3B}.Release|iPhone.ActiveCfg = Release|Any CPU
		{5E3C0E97-77C4-4F79-804E-89B8FB6B3E3B}.Release|iPhone.Build.0 = Release|Any CPU
		{5E3C0E97-77C4-4F79-804E-89B8FB6B3E3B}.Release|iPhone.Deploy.0 = Release|Any CPU
		{5E3C0E97-77C4-4F79-804E-89B8FB6B3E3B}.Release|iPhoneSimulator.ActiveCfg = Release|Any CPU
		{5E3C0E97-77C4-4F79-804E-89B8FB6B3E3B}.Release|iPhoneSimulator.Build.0 = Release|Any CPU
		{5E3C0E97-77C4-4F79-804E-89B8FB6B3E3B}.Release|iPhoneSimulator.Deploy.0 = Release|Any CPU
		{723BF445-B56D-48A0-B72F-22164556AF40}.Debug|Any CPU.ActiveCfg = Debug|iPhone
		{723BF445-B56D-48A0-B72F-22164556AF40}.Debug|Any CPU.Build.0 = Debug|iPhone
		{723BF445-B56D-48A0-B72F-22164556AF40}.Debug|Any CPU.Deploy.0 = Debug|iPhone
		{723BF445-B56D-48A0-B72F-22164556AF40}.Debug|iPhone.ActiveCfg = Debug|iPhone
		{723BF445-B56D-48A0-B72F-22164556AF40}.Debug|iPhone.Build.0 = Debug|iPhone
		{723BF445-B56D-48A0-B72F-22164556AF40}.Debug|iPhone.Deploy.0 = Debug|iPhone
		{723BF445-B56D-48A0-B72F-22164556AF40}.Debug|iPhoneSimulator.ActiveCfg = Debug|iPhoneSimulator
		{723BF445-B56D-48A0-B72F-22164556AF40}.Debug|iPhoneSimulator.Build.0 = Debug|iPhoneSimulator
		{723BF445-B56D-48A0-B72F-22164556AF40}.Debug|iPhoneSimulator.Deploy.0 = Debug|iPhoneSimulator
		{723BF445-B56D-48A0-B72F-22164556AF40}.Release|Any CPU.ActiveCfg = Release|iPhoneSimulator
		{723BF445-B56D-48A0-B72F-22164556AF40}.Release|Any CPU.Build.0 = Release|iPhoneSimulator
		{723BF445-B56D-48A0-B72F-22164556AF40}.Release|Any CPU.Deploy.0 = Release|iPhoneSimulator
		{723BF445-B56D-48A0-B72F-22164556AF40}.Release|iPhone.ActiveCfg = Release|iPhone
		{723BF445-B56D-48A0-B72F-22164556AF40}.Release|iPhone.Build.0 = Release|iPhone
		{723BF445-B56D-48A0-B72F-22164556AF40}.Release|iPhone.Deploy.0 = Release|iPhone
		{723BF445-B56D-48A0-B72F-22164556AF40}.Release|iPhoneSimulator.ActiveCfg = Release|iPhoneSimulator
		{723BF445-B56D-48A0-B72F-22164556AF40}.Release|iPhoneSimulator.Build.0 = Release|iPhoneSimulator
		{723BF445-B56D-48A0-B72F-22164556AF40}.Release|iPhoneSimulator.Deploy.0 = Release|iPhoneSimulator
		{AFD95E45-584C-409D-A9AC-49D22B6F5202}.Debug|Any CPU.ActiveCfg = Debug|Any CPU
		{AFD95E45-584C-409D-A9AC-49D22B6F5202}.Debug|Any CPU.Build.0 = Debug|Any CPU
		{AFD95E45-584C-409D-A9AC-49D22B6F5202}.Debug|Any CPU.Deploy.0 = Debug|Any CPU
		{AFD95E45-584C-409D-A9AC-49D22B6F5202}.Debug|iPhone.ActiveCfg = Debug|Any CPU
		{AFD95E45-584C-409D-A9AC-49D22B6F5202}.Debug|iPhone.Build.0 = Debug|Any CPU
		{AFD95E45-584C-409D-A9AC-49D22B6F5202}.Debug|iPhone.Deploy.0 = Debug|Any CPU
		{AFD95E45-584C-409D-A9AC-49D22B6F5202}.Debug|iPhoneSimulator.ActiveCfg = Debug|Any CPU
		{AFD95E45-584C-409D-A9AC-49D22B6F5202}.Debug|iPhoneSimulator.Build.0 = Debug|Any CPU
		{AFD95E45-584C-409D-A9AC-49D22B6F5202}.Debug|iPhoneSimulator.Deploy.0 = Debug|Any CPU
		{AFD95E45-584C-409D-A9AC-49D22B6F5202}.Release|Any CPU.ActiveCfg = Release|Any CPU
		{AFD95E45-584C-409D-A9AC-49D22B6F5202}.Release|Any CPU.Build.0 = Release|Any CPU
		{AFD95E45-584C-409D-A9AC-49D22B6F5202}.Release|Any CPU.Deploy.0 = Release|Any CPU
		{AFD95E45-584C-409D-A9AC-49D22B6F5202}.Release|iPhone.ActiveCfg = Release|Any CPU
		{AFD95E45-584C-409D-A9AC-49D22B6F5202}.Release|iPhone.Build.0 = Release|Any CPU
		{AFD95E45-584C-409D-A9AC-49D22B6F5202}.Release|iPhone.Deploy.0 = Release|Any CPU
		{AFD95E45-584C-409D-A9AC-49D22B6F5202}.Release|iPhoneSimulator.ActiveCfg = Release|Any CPU
		{AFD95E45-584C-409D-A9AC-49D22B6F5202}.Release|iPhoneSimulator.Build.0 = Release|Any CPU
		{AFD95E45-584C-409D-A9AC-49D22B6F5202}.Release|iPhoneSimulator.Deploy.0 = Release|Any CPU
	EndGlobalSection
	GlobalSection(SolutionProperties) = preSolution
		HideSolutionNode = FALSE
	EndGlobalSection
	GlobalSection(ExtensibilityGlobals) = postSolution
		SolutionGuid = {F4EA4A1C-1215-4C3F-A9DD-F27BB17A3186}
	EndGlobalSection
EndGlobal
